
Microsoft Visual Studio Solution File, Format Version 12.00
# Visual Studio 15
VisualStudioVersion = 15.0.28010.2026
MinimumVisualStudioVersion = 10.0.40219.1
Project("{D2ABAB84-BF74-430A-B69E-9DC6D40DDA17}") = "KostkaOLAPNo1", "KostkaOLAPNo1\KostkaOLAPNo1.dwproj", "{22B9F5E7-C962-49BA-AD21-2589C751A068}"
EndProject
Global
	GlobalSection(SolutionConfigurationPlatforms) = preSolution
		Development|Default = Development|Default
	EndGlobalSection
	GlobalSection(ProjectConfigurationPlatforms) = postSolution
		{22B9F5E7-C962-49BA-AD21-2589C751A068}.Development|Default.ActiveCfg = Development
		{22B9F5E7-C962-49BA-AD21-2589C751A068}.Development|Default.Build.0 = Development
		{22B9F5E7-C962-49BA-AD21-2589C751A068}.Development|Default.Deploy.0 = Development
	EndGlobalSection
	GlobalSection(SolutionProperties) = preSolution
		HideSolutionNode = FALSE
	EndGlobalSection
	GlobalSection(ExtensibilityGlobals) = postSolution
		SolutionGuid = {0B8C009F-FA7C-4613-8733-E8F8F09B1947}
	EndGlobalSection
EndGlobal
